// !$*UTF8*$!
{
	archiveVersion = 1;
	classes = {
	};
	objectVersion = 50;
	objects = {

/* Begin PBXBuildFile section */
		18570EFC2255D75800B9E8C0 /* NFGlobalVariable.m in Sources */ = {isa = PBXBuildFile; fileRef = 18570EFB2255D75800B9E8C0 /* NFGlobalVariable.m */; };
		1857649B20C4E94D00D95BBE /* AppDelegate.m in Sources */ = {isa = PBXBuildFile; fileRef = 1857649A20C4E94D00D95BBE /* AppDelegate.m */; };
		1857649E20C4E94D00D95BBE /* ViewController.m in Sources */ = {isa = PBXBuildFile; fileRef = 1857649D20C4E94D00D95BBE /* ViewController.m */; };
		185764A120C4E94D00D95BBE /* Main.storyboard in Resources */ = {isa = PBXBuildFile; fileRef = 1857649F20C4E94D00D95BBE /* Main.storyboard */; };
		185764A320C4E94D00D95BBE /* Assets.xcassets in Resources */ = {isa = PBXBuildFile; fileRef = 185764A220C4E94D00D95BBE /* Assets.xcassets */; };
		185764A620C4E94D00D95BBE /* LaunchScreen.storyboard in Resources */ = {isa = PBXBuildFile; fileRef = 185764A420C4E94D00D95BBE /* LaunchScreen.storyboard */; };
		185764A920C4E94D00D95BBE /* main.m in Sources */ = {isa = PBXBuildFile; fileRef = 185764A820C4E94D00D95BBE /* main.m */; };
		187562322251E6000067BF5A /* UIImage+SH.m in Sources */ = {isa = PBXBuildFile; fileRef = 187561FE2251E5FF0067BF5A /* UIImage+SH.m */; };
		187562332251E6000067BF5A /* UIScrollView+SH.m in Sources */ = {isa = PBXBuildFile; fileRef = 187562012251E5FF0067BF5A /* UIScrollView+SH.m */; };
		187562342251E6000067BF5A /* UILabel+SH.m in Sources */ = {isa = PBXBuildFile; fileRef = 187562042251E5FF0067BF5A /* UILabel+SH.m */; };
		187562352251E6000067BF5A /* UIButton+SH.m in Sources */ = {isa = PBXBuildFile; fileRef = 187562062251E5FF0067BF5A /* UIButton+SH.m */; };
		187562362251E6000067BF5A /* UIView+SHFrame.m in Sources */ = {isa = PBXBuildFile; fileRef = 187562092251E6000067BF5A /* UIView+SHFrame.m */; };
		187562372251E6000067BF5A /* UIView+SH.m in Sources */ = {isa = PBXBuildFile; fileRef = 1875620C2251E6000067BF5A /* UIView+SH.m */; };
		187562382251E6000067BF5A /* UIImageView+SH.m in Sources */ = {isa = PBXBuildFile; fileRef = 1875620F2251E6000067BF5A /* UIImageView+SH.m */; };
		187562392251E6000067BF5A /* UITableView+SH.m in Sources */ = {isa = PBXBuildFile; fileRef = 187562122251E6000067BF5A /* UITableView+SH.m */; };
		1875623A2251E6000067BF5A /* NSDictionary+Log.m in Sources */ = {isa = PBXBuildFile; fileRef = 187562162251E6000067BF5A /* NSDictionary+Log.m */; };
		1875623B2251E6000067BF5A /* NSDictionary+SH.m in Sources */ = {isa = PBXBuildFile; fileRef = 187562192251E6000067BF5A /* NSDictionary+SH.m */; };
		1875623C2251E6000067BF5A /* NSString+SH.m in Sources */ = {isa = PBXBuildFile; fileRef = 1875621B2251E6000067BF5A /* NSString+SH.m */; };
		1875623D2251E6000067BF5A /* NSArray+Log.m in Sources */ = {isa = PBXBuildFile; fileRef = 1875621F2251E6000067BF5A /* NSArray+Log.m */; };
		1875623E2251E6000067BF5A /* NSSet+SH.m in Sources */ = {isa = PBXBuildFile; fileRef = 187562212251E6000067BF5A /* NSSet+SH.m */; };
		1875623F2251E6000067BF5A /* NSDate+SH.m in Sources */ = {isa = PBXBuildFile; fileRef = 187562252251E6000067BF5A /* NSDate+SH.m */; };
		187562402251E6000067BF5A /* BaseViewController.m in Sources */ = {isa = PBXBuildFile; fileRef = 1875622B2251E6000067BF5A /* BaseViewController.m */; };
		187562412251E6000067BF5A /* Authorization.m in Sources */ = {isa = PBXBuildFile; fileRef = 1875622F2251E6000067BF5A /* Authorization.m */; };
		187562422251E6000067BF5A /* SHAppData.m in Sources */ = {isa = PBXBuildFile; fileRef = 187562302251E6000067BF5A /* SHAppData.m */; };
		18CD7D8423B4AC73008F39D8 /* NFAPPUtils.m in Sources */ = {isa = PBXBuildFile; fileRef = 18CD7D8323B4AC73008F39D8 /* NFAPPUtils.m */; };
		18CD7D8A23B4BEB0008F39D8 /* UIColor+EX.m in Sources */ = {isa = PBXBuildFile; fileRef = 18CD7D8923B4BEB0008F39D8 /* UIColor+EX.m */; };
		18F07D8C23A8B165005776AF /* AppUtils.m in Sources */ = {isa = PBXBuildFile; fileRef = 18F07D8B23A8B165005776AF /* AppUtils.m */; };
		18F07D9B23A8DB46005776AF /* NSArray+Safe.m in Sources */ = {isa = PBXBuildFile; fileRef = 18F07D9A23A8DB46005776AF /* NSArray+Safe.m */; };
		18F07D9E23A8DB59005776AF /* NSDictionary+Safe.m in Sources */ = {isa = PBXBuildFile; fileRef = 18F07D9D23A8DB59005776AF /* NSDictionary+Safe.m */; };
		18F07DA123A8DB69005776AF /* NSString+Safe.m in Sources */ = {isa = PBXBuildFile; fileRef = 18F07DA023A8DB69005776AF /* NSString+Safe.m */; };
		57699273031B4E64036FD573 /* Pods_Demo.framework in Frameworks */ = {isa = PBXBuildFile; fileRef = E184BBDB1DD7858E6F59CD53 /* Pods_Demo.framework */; };
/* End PBXBuildFile section */

/* Begin PBXFileReference section */
		18570EFA2255D75800B9E8C0 /* NFGlobalVariable.h */ = {isa = PBXFileReference; lastKnownFileType = sourcecode.c.h; path = NFGlobalVariable.h; sourceTree = "<group>"; };
		18570EFB2255D75800B9E8C0 /* NFGlobalVariable.m */ = {isa = PBXFileReference; lastKnownFileType = sourcecode.c.objc; path = NFGlobalVariable.m; sourceTree = "<group>"; };
		1857649620C4E94D00D95BBE /* Demo.app */ = {isa = PBXFileReference; explicitFileType = wrapper.application; includeInIndex = 0; path = Demo.app; sourceTree = BUILT_PRODUCTS_DIR; };
		1857649920C4E94D00D95BBE /* AppDelegate.h */ = {isa = PBXFileReference; lastKnownFileType = sourcecode.c.h; path = AppDelegate.h; sourceTree = "<group>"; };
		1857649A20C4E94D00D95BBE /* AppDelegate.m */ = {isa = PBXFileReference; lastKnownFileType = sourcecode.c.objc; path = AppDelegate.m; sourceTree = "<group>"; };
		1857649C20C4E94D00D95BBE /* ViewController.h */ = {isa = PBXFileReference; lastKnownFileType = sourcecode.c.h; path = ViewController.h; sourceTree = "<group>"; };
		1857649D20C4E94D00D95BBE /* ViewController.m */ = {isa = PBXFileReference; lastKnownFileType = sourcecode.c.objc; path = ViewController.m; sourceTree = "<group>"; };
		185764A020C4E94D00D95BBE /* Base */ = {isa = PBXFileReference; lastKnownFileType = file.storyboard; name = Base; path = Base.lproj/Main.storyboard; sourceTree = "<group>"; };
		185764A220C4E94D00D95BBE /* Assets.xcassets */ = {isa = PBXFileReference; lastKnownFileType = folder.assetcatalog; path = Assets.xcassets; sourceTree = "<group>"; };
		185764A520C4E94D00D95BBE /* Base */ = {isa = PBXFileReference; lastKnownFileType = file.storyboard; name = Base; path = Base.lproj/LaunchScreen.storyboard; sourceTree = "<group>"; };
		185764A720C4E94D00D95BBE /* Info.plist */ = {isa = PBXFileReference; lastKnownFileType = text.plist.xml; path = Info.plist; sourceTree = "<group>"; };
		185764A820C4E94D00D95BBE /* main.m */ = {isa = PBXFileReference; lastKnownFileType = sourcecode.c.objc; path = main.m; sourceTree = "<group>"; };
		187561FD2251E5FF0067BF5A /* UIImage+SH.h */ = {isa = PBXFileReference; fileEncoding = 4; lastKnownFileType = sourcecode.c.h; path = "UIImage+SH.h"; sourceTree = "<group>"; };
		187561FE2251E5FF0067BF5A /* UIImage+SH.m */ = {isa = PBXFileReference; fileEncoding = 4; lastKnownFileType = sourcecode.c.objc; path = "UIImage+SH.m"; sourceTree = "<group>"; };
		187562002251E5FF0067BF5A /* UIScrollView+SH.h */ = {isa = PBXFileReference; fileEncoding = 4; lastKnownFileType = sourcecode.c.h; path = "UIScrollView+SH.h"; sourceTree = "<group>"; };
		187562012251E5FF0067BF5A /* UIScrollView+SH.m */ = {isa = PBXFileReference; fileEncoding = 4; lastKnownFileType = sourcecode.c.objc; path = "UIScrollView+SH.m"; sourceTree = "<group>"; };
		187562032251E5FF0067BF5A /* UILabel+SH.h */ = {isa = PBXFileReference; fileEncoding = 4; lastKnownFileType = sourcecode.c.h; path = "UILabel+SH.h"; sourceTree = "<group>"; };
		187562042251E5FF0067BF5A /* UILabel+SH.m */ = {isa = PBXFileReference; fileEncoding = 4; lastKnownFileType = sourcecode.c.objc; path = "UILabel+SH.m"; sourceTree = "<group>"; };
		187562062251E5FF0067BF5A /* UIButton+SH.m */ = {isa = PBXFileReference; fileEncoding = 4; lastKnownFileType = sourcecode.c.objc; path = "UIButton+SH.m"; sourceTree = "<group>"; };
		187562072251E5FF0067BF5A /* UIButton+SH.h */ = {isa = PBXFileReference; fileEncoding = 4; lastKnownFileType = sourcecode.c.h; path = "UIButton+SH.h"; sourceTree = "<group>"; };
		187562092251E6000067BF5A /* UIView+SHFrame.m */ = {isa = PBXFileReference; fileEncoding = 4; lastKnownFileType = sourcecode.c.objc; path = "UIView+SHFrame.m"; sourceTree = "<group>"; };
		1875620A2251E6000067BF5A /* UIView+SH.h */ = {isa = PBXFileReference; fileEncoding = 4; lastKnownFileType = sourcecode.c.h; path = "UIView+SH.h"; sourceTree = "<group>"; };
		1875620B2251E6000067BF5A /* UIView+SHFrame.h */ = {isa = PBXFileReference; fileEncoding = 4; lastKnownFileType = sourcecode.c.h; path = "UIView+SHFrame.h"; sourceTree = "<group>"; };
		1875620C2251E6000067BF5A /* UIView+SH.m */ = {isa = PBXFileReference; fileEncoding = 4; lastKnownFileType = sourcecode.c.objc; path = "UIView+SH.m"; sourceTree = "<group>"; };
		1875620E2251E6000067BF5A /* UIImageView+SH.h */ = {isa = PBXFileReference; fileEncoding = 4; lastKnownFileType = sourcecode.c.h; path = "UIImageView+SH.h"; sourceTree = "<group>"; };
		1875620F2251E6000067BF5A /* UIImageView+SH.m */ = {isa = PBXFileReference; fileEncoding = 4; lastKnownFileType = sourcecode.c.objc; path = "UIImageView+SH.m"; sourceTree = "<group>"; };
		187562112251E6000067BF5A /* UITableView+SH.h */ = {isa = PBXFileReference; fileEncoding = 4; lastKnownFileType = sourcecode.c.h; path = "UITableView+SH.h"; sourceTree = "<group>"; };
		187562122251E6000067BF5A /* UITableView+SH.m */ = {isa = PBXFileReference; fileEncoding = 4; lastKnownFileType = sourcecode.c.objc; path = "UITableView+SH.m"; sourceTree = "<group>"; };
		187562132251E6000067BF5A /* SHCategoryHeader.h */ = {isa = PBXFileReference; fileEncoding = 4; lastKnownFileType = sourcecode.c.h; path = SHCategoryHeader.h; sourceTree = "<group>"; };
		187562162251E6000067BF5A /* NSDictionary+Log.m */ = {isa = PBXFileReference; fileEncoding = 4; lastKnownFileType = sourcecode.c.objc; path = "NSDictionary+Log.m"; sourceTree = "<group>"; };
		187562172251E6000067BF5A /* NSDictionary+SH.h */ = {isa = PBXFileReference; fileEncoding = 4; lastKnownFileType = sourcecode.c.h; path = "NSDictionary+SH.h"; sourceTree = "<group>"; };
		187562182251E6000067BF5A /* NSDictionary+Log.h */ = {isa = PBXFileReference; fileEncoding = 4; lastKnownFileType = sourcecode.c.h; path = "NSDictionary+Log.h"; sourceTree = "<group>"; };
		187562192251E6000067BF5A /* NSDictionary+SH.m */ = {isa = PBXFileReference; fileEncoding = 4; lastKnownFileType = sourcecode.c.objc; path = "NSDictionary+SH.m"; sourceTree = "<group>"; };
		1875621B2251E6000067BF5A /* NSString+SH.m */ = {isa = PBXFileReference; fileEncoding = 4; lastKnownFileType = sourcecode.c.objc; path = "NSString+SH.m"; sourceTree = "<group>"; };
		1875621C2251E6000067BF5A /* NSString+SH.h */ = {isa = PBXFileReference; fileEncoding = 4; lastKnownFileType = sourcecode.c.h; path = "NSString+SH.h"; sourceTree = "<group>"; };
		1875621E2251E6000067BF5A /* NSArray+Log.h */ = {isa = PBXFileReference; fileEncoding = 4; lastKnownFileType = sourcecode.c.h; path = "NSArray+Log.h"; sourceTree = "<group>"; };
		1875621F2251E6000067BF5A /* NSArray+Log.m */ = {isa = PBXFileReference; fileEncoding = 4; lastKnownFileType = sourcecode.c.objc; path = "NSArray+Log.m"; sourceTree = "<group>"; };
		187562212251E6000067BF5A /* NSSet+SH.m */ = {isa = PBXFileReference; fileEncoding = 4; lastKnownFileType = sourcecode.c.objc; path = "NSSet+SH.m"; sourceTree = "<group>"; };
		187562222251E6000067BF5A /* NSSet+SH.h */ = {isa = PBXFileReference; fileEncoding = 4; lastKnownFileType = sourcecode.c.h; path = "NSSet+SH.h"; sourceTree = "<group>"; };
		187562242251E6000067BF5A /* NSDate+SH.h */ = {isa = PBXFileReference; fileEncoding = 4; lastKnownFileType = sourcecode.c.h; path = "NSDate+SH.h"; sourceTree = "<group>"; };
		187562252251E6000067BF5A /* NSDate+SH.m */ = {isa = PBXFileReference; fileEncoding = 4; lastKnownFileType = sourcecode.c.objc; path = "NSDate+SH.m"; sourceTree = "<group>"; };
		187562282251E6000067BF5A /* NotifyMacro.h */ = {isa = PBXFileReference; fileEncoding = 4; lastKnownFileType = sourcecode.c.h; path = NotifyMacro.h; sourceTree = "<group>"; };
		1875622B2251E6000067BF5A /* BaseViewController.m */ = {isa = PBXFileReference; fileEncoding = 4; lastKnownFileType = sourcecode.c.objc; path = BaseViewController.m; sourceTree = "<group>"; };
		1875622C2251E6000067BF5A /* BaseViewController.h */ = {isa = PBXFileReference; fileEncoding = 4; lastKnownFileType = sourcecode.c.h; path = BaseViewController.h; sourceTree = "<group>"; };
		1875622E2251E6000067BF5A /* SHAppData.h */ = {isa = PBXFileReference; fileEncoding = 4; lastKnownFileType = sourcecode.c.h; path = SHAppData.h; sourceTree = "<group>"; };
		1875622F2251E6000067BF5A /* Authorization.m */ = {isa = PBXFileReference; fileEncoding = 4; lastKnownFileType = sourcecode.c.objc; path = Authorization.m; sourceTree = "<group>"; };
		187562302251E6000067BF5A /* SHAppData.m */ = {isa = PBXFileReference; fileEncoding = 4; lastKnownFileType = sourcecode.c.objc; path = SHAppData.m; sourceTree = "<group>"; };
		187562312251E6000067BF5A /* Authorization.h */ = {isa = PBXFileReference; fileEncoding = 4; lastKnownFileType = sourcecode.c.h; path = Authorization.h; sourceTree = "<group>"; };
		18CD7D8223B4AC73008F39D8 /* NFAPPUtils.h */ = {isa = PBXFileReference; lastKnownFileType = sourcecode.c.h; path = NFAPPUtils.h; sourceTree = "<group>"; };
		18CD7D8323B4AC73008F39D8 /* NFAPPUtils.m */ = {isa = PBXFileReference; lastKnownFileType = sourcecode.c.objc; path = NFAPPUtils.m; sourceTree = "<group>"; };
		18CD7D8623B4B1BD008F39D8 /* PrefixHeader.pch */ = {isa = PBXFileReference; lastKnownFileType = sourcecode.c.h; path = PrefixHeader.pch; sourceTree = "<group>"; };
		18CD7D8723B4BC46008F39D8 /* NFMacro.h */ = {isa = PBXFileReference; lastKnownFileType = sourcecode.c.h; path = NFMacro.h; sourceTree = "<group>"; };
		18CD7D8823B4BEB0008F39D8 /* UIColor+EX.h */ = {isa = PBXFileReference; lastKnownFileType = sourcecode.c.h; path = "UIColor+EX.h"; sourceTree = "<group>"; };
		18CD7D8923B4BEB0008F39D8 /* UIColor+EX.m */ = {isa = PBXFileReference; lastKnownFileType = sourcecode.c.objc; path = "UIColor+EX.m"; sourceTree = "<group>"; };
		18F07D8A23A8B165005776AF /* AppUtils.h */ = {isa = PBXFileReference; lastKnownFileType = sourcecode.c.h; path = AppUtils.h; sourceTree = "<group>"; };
		18F07D8B23A8B165005776AF /* AppUtils.m */ = {isa = PBXFileReference; lastKnownFileType = sourcecode.c.objc; path = AppUtils.m; sourceTree = "<group>"; };
		18F07D9923A8DB46005776AF /* NSArray+Safe.h */ = {isa = PBXFileReference; lastKnownFileType = sourcecode.c.h; path = "NSArray+Safe.h"; sourceTree = "<group>"; };
		18F07D9A23A8DB46005776AF /* NSArray+Safe.m */ = {isa = PBXFileReference; lastKnownFileType = sourcecode.c.objc; path = "NSArray+Safe.m"; sourceTree = "<group>"; };
		18F07D9C23A8DB59005776AF /* NSDictionary+Safe.h */ = {isa = PBXFileReference; lastKnownFileType = sourcecode.c.h; path = "NSDictionary+Safe.h"; sourceTree = "<group>"; };
		18F07D9D23A8DB59005776AF /* NSDictionary+Safe.m */ = {isa = PBXFileReference; lastKnownFileType = sourcecode.c.objc; path = "NSDictionary+Safe.m"; sourceTree = "<group>"; };
		18F07D9F23A8DB69005776AF /* NSString+Safe.h */ = {isa = PBXFileReference; lastKnownFileType = sourcecode.c.h; path = "NSString+Safe.h"; sourceTree = "<group>"; };
		18F07DA023A8DB69005776AF /* NSString+Safe.m */ = {isa = PBXFileReference; lastKnownFileType = sourcecode.c.objc; path = "NSString+Safe.m"; sourceTree = "<group>"; };
		2AE597A00449E42BA7678D56 /* Pods-Demo.release.xcconfig */ = {isa = PBXFileReference; includeInIndex = 1; lastKnownFileType = text.xcconfig; name = "Pods-Demo.release.xcconfig"; path = "Target Support Files/Pods-Demo/Pods-Demo.release.xcconfig"; sourceTree = "<group>"; };
		C354184AAF6E3BE0D82B988E /* Pods-Demo.debug.xcconfig */ = {isa = PBXFileReference; includeInIndex = 1; lastKnownFileType = text.xcconfig; name = "Pods-Demo.debug.xcconfig"; path = "Target Support Files/Pods-Demo/Pods-Demo.debug.xcconfig"; sourceTree = "<group>"; };
		E184BBDB1DD7858E6F59CD53 /* Pods_Demo.framework */ = {isa = PBXFileReference; explicitFileType = wrapper.framework; includeInIndex = 0; path = Pods_Demo.framework; sourceTree = BUILT_PRODUCTS_DIR; };
/* End PBXFileReference section */

/* Begin PBXFrameworksBuildPhase section */
		1857649320C4E94D00D95BBE /* Frameworks */ = {
			isa = PBXFrameworksBuildPhase;
			buildActionMask = 2147483647;
			files = (
				57699273031B4E64036FD573 /* Pods_Demo.framework in Frameworks */,
			);
			runOnlyForDeploymentPostprocessing = 0;
		};
/* End PBXFrameworksBuildPhase section */

/* Begin PBXGroup section */
		1857648D20C4E94D00D95BBE = {
			isa = PBXGroup;
			children = (
				1857649820C4E94D00D95BBE /* Demo */,
				1857649720C4E94D00D95BBE /* Products */,
				23F02351AE4EE09C0C05AC57 /* Pods */,
				62B4CA860AE1874E0C372499 /* Frameworks */,
			);
			sourceTree = "<group>";
		};
		1857649720C4E94D00D95BBE /* Products */ = {
			isa = PBXGroup;
			children = (
				1857649620C4E94D00D95BBE /* Demo.app */,
			);
			name = Products;
			sourceTree = "<group>";
		};
		1857649820C4E94D00D95BBE /* Demo */ = {
			isa = PBXGroup;
			children = (
				1857649920C4E94D00D95BBE /* AppDelegate.h */,
				1857649A20C4E94D00D95BBE /* AppDelegate.m */,
				1857649C20C4E94D00D95BBE /* ViewController.h */,
				1857649D20C4E94D00D95BBE /* ViewController.m */,
				1857649F20C4E94D00D95BBE /* Main.storyboard */,
				187561F92251E5FF0067BF5A /* Common */,
				185764A220C4E94D00D95BBE /* Assets.xcassets */,
				185764A420C4E94D00D95BBE /* LaunchScreen.storyboard */,
				185764A720C4E94D00D95BBE /* Info.plist */,
				185764A820C4E94D00D95BBE /* main.m */,
			);
			path = Demo;
			sourceTree = "<group>";
		};
		187561F92251E5FF0067BF5A /* Common */ = {
			isa = PBXGroup;
			children = (
				187561FA2251E5FF0067BF5A /* Category */,
				187562262251E6000067BF5A /* Macros */,
				1875622A2251E6000067BF5A /* Base */,
				1875622D2251E6000067BF5A /* Tool */,
			);
			path = Common;
			sourceTree = "<group>";
		};
		187561FA2251E5FF0067BF5A /* Category */ = {
			isa = PBXGroup;
			children = (
				187561FB2251E5FF0067BF5A /* UI */,
				187562132251E6000067BF5A /* SHCategoryHeader.h */,
				187562142251E6000067BF5A /* NS */,
			);
			path = Category;
			sourceTree = "<group>";
		};
		187561FB2251E5FF0067BF5A /* UI */ = {
			isa = PBXGroup;
			children = (
				187561FC2251E5FF0067BF5A /* UIImage */,
				187561FF2251E5FF0067BF5A /* UIScrollView */,
				187562022251E5FF0067BF5A /* UILabel */,
				187562052251E5FF0067BF5A /* UIButton */,
				187562082251E6000067BF5A /* UIView */,
				1875620D2251E6000067BF5A /* UIImageView */,
				187562102251E6000067BF5A /* UITableView */,
				18CD7D8823B4BEB0008F39D8 /* UIColor+EX.h */,
				18CD7D8923B4BEB0008F39D8 /* UIColor+EX.m */,
			);
			path = UI;
			sourceTree = "<group>";
		};
		187561FC2251E5FF0067BF5A /* UIImage */ = {
			isa = PBXGroup;
			children = (
				187561FD2251E5FF0067BF5A /* UIImage+SH.h */,
				187561FE2251E5FF0067BF5A /* UIImage+SH.m */,
			);
			path = UIImage;
			sourceTree = "<group>";
		};
		187561FF2251E5FF0067BF5A /* UIScrollView */ = {
			isa = PBXGroup;
			children = (
				187562002251E5FF0067BF5A /* UIScrollView+SH.h */,
				187562012251E5FF0067BF5A /* UIScrollView+SH.m */,
			);
			path = UIScrollView;
			sourceTree = "<group>";
		};
		187562022251E5FF0067BF5A /* UILabel */ = {
			isa = PBXGroup;
			children = (
				187562032251E5FF0067BF5A /* UILabel+SH.h */,
				187562042251E5FF0067BF5A /* UILabel+SH.m */,
			);
			path = UILabel;
			sourceTree = "<group>";
		};
		187562052251E5FF0067BF5A /* UIButton */ = {
			isa = PBXGroup;
			children = (
				187562072251E5FF0067BF5A /* UIButton+SH.h */,
				187562062251E5FF0067BF5A /* UIButton+SH.m */,
			);
			path = UIButton;
			sourceTree = "<group>";
		};
		187562082251E6000067BF5A /* UIView */ = {
			isa = PBXGroup;
			children = (
				1875620A2251E6000067BF5A /* UIView+SH.h */,
				1875620C2251E6000067BF5A /* UIView+SH.m */,
				1875620B2251E6000067BF5A /* UIView+SHFrame.h */,
				187562092251E6000067BF5A /* UIView+SHFrame.m */,
			);
			path = UIView;
			sourceTree = "<group>";
		};
		1875620D2251E6000067BF5A /* UIImageView */ = {
			isa = PBXGroup;
			children = (
				1875620E2251E6000067BF5A /* UIImageView+SH.h */,
				1875620F2251E6000067BF5A /* UIImageView+SH.m */,
			);
			path = UIImageView;
			sourceTree = "<group>";
		};
		187562102251E6000067BF5A /* UITableView */ = {
			isa = PBXGroup;
			children = (
				187562112251E6000067BF5A /* UITableView+SH.h */,
				187562122251E6000067BF5A /* UITableView+SH.m */,
			);
			path = UITableView;
			sourceTree = "<group>";
		};
		187562142251E6000067BF5A /* NS */ = {
			isa = PBXGroup;
			children = (
				187562152251E6000067BF5A /* NSDictionary */,
				1875621A2251E6000067BF5A /* NSString */,
				1875621D2251E6000067BF5A /* NSArray */,
				187562202251E6000067BF5A /* NSSet */,
				187562232251E6000067BF5A /* NSDate */,
				18F07D9923A8DB46005776AF /* NSArray+Safe.h */,
				18F07D9A23A8DB46005776AF /* NSArray+Safe.m */,
				18F07D9C23A8DB59005776AF /* NSDictionary+Safe.h */,
				18F07D9D23A8DB59005776AF /* NSDictionary+Safe.m */,
				18F07D9F23A8DB69005776AF /* NSString+Safe.h */,
				18F07DA023A8DB69005776AF /* NSString+Safe.m */,
			);
			path = NS;
			sourceTree = "<group>";
		};
		187562152251E6000067BF5A /* NSDictionary */ = {
			isa = PBXGroup;
			children = (
				187562162251E6000067BF5A /* NSDictionary+Log.m */,
				187562172251E6000067BF5A /* NSDictionary+SH.h */,
				187562182251E6000067BF5A /* NSDictionary+Log.h */,
				187562192251E6000067BF5A /* NSDictionary+SH.m */,
			);
			path = NSDictionary;
			sourceTree = "<group>";
		};
		1875621A2251E6000067BF5A /* NSString */ = {
			isa = PBXGroup;
			children = (
				1875621C2251E6000067BF5A /* NSString+SH.h */,
				1875621B2251E6000067BF5A /* NSString+SH.m */,
			);
			path = NSString;
			sourceTree = "<group>";
		};
		1875621D2251E6000067BF5A /* NSArray */ = {
			isa = PBXGroup;
			children = (
				1875621E2251E6000067BF5A /* NSArray+Log.h */,
				1875621F2251E6000067BF5A /* NSArray+Log.m */,
			);
			path = NSArray;
			sourceTree = "<group>";
		};
		187562202251E6000067BF5A /* NSSet */ = {
			isa = PBXGroup;
			children = (
				187562212251E6000067BF5A /* NSSet+SH.m */,
				187562222251E6000067BF5A /* NSSet+SH.h */,
			);
			path = NSSet;
			sourceTree = "<group>";
		};
		187562232251E6000067BF5A /* NSDate */ = {
			isa = PBXGroup;
			children = (
				187562242251E6000067BF5A /* NSDate+SH.h */,
				187562252251E6000067BF5A /* NSDate+SH.m */,
			);
			path = NSDate;
			sourceTree = "<group>";
		};
		187562262251E6000067BF5A /* Macros */ = {
			isa = PBXGroup;
			children = (
				187562282251E6000067BF5A /* NotifyMacro.h */,
				18570EFA2255D75800B9E8C0 /* NFGlobalVariable.h */,
				18570EFB2255D75800B9E8C0 /* NFGlobalVariable.m */,
				18F07D8A23A8B165005776AF /* AppUtils.h */,
				18F07D8B23A8B165005776AF /* AppUtils.m */,
				18CD7D8623B4B1BD008F39D8 /* PrefixHeader.pch */,
				18CD7D8723B4BC46008F39D8 /* NFMacro.h */,
			);
			path = Macros;
			sourceTree = "<group>";
		};
		1875622A2251E6000067BF5A /* Base */ = {
			isa = PBXGroup;
			children = (
				1875622C2251E6000067BF5A /* BaseViewController.h */,
				1875622B2251E6000067BF5A /* BaseViewController.m */,
			);
			path = Base;
			sourceTree = "<group>";
		};
		1875622D2251E6000067BF5A /* Tool */ = {
			isa = PBXGroup;
			children = (
				1875622E2251E6000067BF5A /* SHAppData.h */,
				187562302251E6000067BF5A /* SHAppData.m */,
				187562312251E6000067BF5A /* Authorization.h */,
				1875622F2251E6000067BF5A /* Authorization.m */,
				18CD7D8223B4AC73008F39D8 /* NFAPPUtils.h */,
				18CD7D8323B4AC73008F39D8 /* NFAPPUtils.m */,
			);
			path = Tool;
			sourceTree = "<group>";
		};
		23F02351AE4EE09C0C05AC57 /* Pods */ = {
			isa = PBXGroup;
			children = (
				C354184AAF6E3BE0D82B988E /* Pods-Demo.debug.xcconfig */,
				2AE597A00449E42BA7678D56 /* Pods-Demo.release.xcconfig */,
			);
			name = Pods;
			path = Pods;
			sourceTree = "<group>";
		};
		62B4CA860AE1874E0C372499 /* Frameworks */ = {
			isa = PBXGroup;
			children = (
				E184BBDB1DD7858E6F59CD53 /* Pods_Demo.framework */,
			);
			name = Frameworks;
			sourceTree = "<group>";
		};
/* End PBXGroup section */

/* Begin PBXNativeTarget section */
		1857649520C4E94D00D95BBE /* Demo */ = {
			isa = PBXNativeTarget;
			buildConfigurationList = 185764AC20C4E94D00D95BBE /* Build configuration list for PBXNativeTarget "Demo" */;
			buildPhases = (
				D7162103C3C0A0C45F7E02D0 /* [CP] Check Pods Manifest.lock */,
				1857649220C4E94D00D95BBE /* Sources */,
				1857649320C4E94D00D95BBE /* Frameworks */,
				1857649420C4E94D00D95BBE /* Resources */,
				6FFA8B2C8FDC92E5FE804C5C /* [CP] Embed Pods Frameworks */,
			);
			buildRules = (
			);
			dependencies = (
			);
			name = Demo;
			productName = Demo;
			productReference = 1857649620C4E94D00D95BBE /* Demo.app */;
			productType = "com.apple.product-type.application";
		};
/* End PBXNativeTarget section */

/* Begin PBXProject section */
		1857648E20C4E94D00D95BBE /* Project object */ = {
			isa = PBXProject;
			attributes = {
				LastUpgradeCheck = 0930;
				ORGANIZATIONNAME = apple;
				TargetAttributes = {
					1857649520C4E94D00D95BBE = {
						CreatedOnToolsVersion = 9.3.1;
					};
				};
			};
			buildConfigurationList = 1857649120C4E94D00D95BBE /* Build configuration list for PBXProject "Demo" */;
			compatibilityVersion = "Xcode 9.3";
			developmentRegion = en;
			hasScannedForEncodings = 0;
			knownRegions = (
				en,
				Base,
			);
			mainGroup = 1857648D20C4E94D00D95BBE;
			productRefGroup = 1857649720C4E94D00D95BBE /* Products */;
			projectDirPath = "";
			projectRoot = "";
			targets = (
				1857649520C4E94D00D95BBE /* Demo */,
			);
		};
/* End PBXProject section */

/* Begin PBXResourcesBuildPhase section */
		1857649420C4E94D00D95BBE /* Resources */ = {
			isa = PBXResourcesBuildPhase;
			buildActionMask = 2147483647;
			files = (
				185764A620C4E94D00D95BBE /* LaunchScreen.storyboard in Resources */,
				185764A320C4E94D00D95BBE /* Assets.xcassets in Resources */,
				185764A120C4E94D00D95BBE /* Main.storyboard in Resources */,
			);
			runOnlyForDeploymentPostprocessing = 0;
		};
/* End PBXResourcesBuildPhase section */

/* Begin PBXShellScriptBuildPhase section */
		6FFA8B2C8FDC92E5FE804C5C /* [CP] Embed Pods Frameworks */ = {
			isa = PBXShellScriptBuildPhase;
			buildActionMask = 2147483647;
			files = (
			);
			inputFileListPaths = (
				"${PODS_ROOT}/Target Support Files/Pods-Demo/Pods-Demo-frameworks-${CONFIGURATION}-input-files.xcfilelist",
			);
			name = "[CP] Embed Pods Frameworks";
			outputFileListPaths = (
				"${PODS_ROOT}/Target Support Files/Pods-Demo/Pods-Demo-frameworks-${CONFIGURATION}-output-files.xcfilelist",
			);
			runOnlyForDeploymentPostprocessing = 0;
			shellPath = /bin/sh;
			shellScript = "\"${PODS_ROOT}/Target Support Files/Pods-Demo/Pods-Demo-frameworks.sh\"\n";
			showEnvVarsInLog = 0;
		};
		D7162103C3C0A0C45F7E02D0 /* [CP] Check Pods Manifest.lock */ = {
			isa = PBXShellScriptBuildPhase;
			buildActionMask = 2147483647;
			files = (
			);
			inputFileListPaths = (
			);
			inputPaths = (
				"${PODS_PODFILE_DIR_PATH}/Podfile.lock",
				"${PODS_ROOT}/Manifest.lock",
			);
			name = "[CP] Check Pods Manifest.lock";
			outputFileListPaths = (
			);
			outputPaths = (
				"$(DERIVED_FILE_DIR)/Pods-Demo-checkManifestLockResult.txt",
			);
			runOnlyForDeploymentPostprocessing = 0;
			shellPath = /bin/sh;
			shellScript = "diff \"${PODS_PODFILE_DIR_PATH}/Podfile.lock\" \"${PODS_ROOT}/Manifest.lock\" > /dev/null\nif [ $? != 0 ] ; then\n    # print error to STDERR\n    echo \"error: The sandbox is not in sync with the Podfile.lock. Run 'pod install' or update your CocoaPods installation.\" >&2\n    exit 1\nfi\n# This output is used by Xcode 'outputs' to avoid re-running this script phase.\necho \"SUCCESS\" > \"${SCRIPT_OUTPUT_FILE_0}\"\n";
			showEnvVarsInLog = 0;
		};
/* End PBXShellScriptBuildPhase section */

/* Begin PBXSourcesBuildPhase section */
		1857649220C4E94D00D95BBE /* Sources */ = {
			isa = PBXSourcesBuildPhase;
			buildActionMask = 2147483647;
			files = (
				187562322251E6000067BF5A /* UIImage+SH.m in Sources */,
				187562402251E6000067BF5A /* BaseViewController.m in Sources */,
				18CD7D8A23B4BEB0008F39D8 /* UIColor+EX.m in Sources */,
				18570EFC2255D75800B9E8C0 /* NFGlobalVariable.m in Sources */,
				187562372251E6000067BF5A /* UIView+SH.m in Sources */,
				18F07D9B23A8DB46005776AF /* NSArray+Safe.m in Sources */,
				187562422251E6000067BF5A /* SHAppData.m in Sources */,
				1875623A2251E6000067BF5A /* NSDictionary+Log.m in Sources */,
				187562412251E6000067BF5A /* Authorization.m in Sources */,
				1875623D2251E6000067BF5A /* NSArray+Log.m in Sources */,
				187562332251E6000067BF5A /* UIScrollView+SH.m in Sources */,
				187562342251E6000067BF5A /* UILabel+SH.m in Sources */,
				18F07DA123A8DB69005776AF /* NSString+Safe.m in Sources */,
				1875623C2251E6000067BF5A /* NSString+SH.m in Sources */,
				1875623B2251E6000067BF5A /* NSDictionary+SH.m in Sources */,
				1857649E20C4E94D00D95BBE /* ViewController.m in Sources */,
				185764A920C4E94D00D95BBE /* main.m in Sources */,
				1875623E2251E6000067BF5A /* NSSet+SH.m in Sources */,
				187562392251E6000067BF5A /* UITableView+SH.m in Sources */,
				187562362251E6000067BF5A /* UIView+SHFrame.m in Sources */,
				187562382251E6000067BF5A /* UIImageView+SH.m in Sources */,
				1875623F2251E6000067BF5A /* NSDate+SH.m in Sources */,
				18CD7D8423B4AC73008F39D8 /* NFAPPUtils.m in Sources */,
				18F07D9E23A8DB59005776AF /* NSDictionary+Safe.m in Sources */,
				18F07D8C23A8B165005776AF /* AppUtils.m in Sources */,
				187562352251E6000067BF5A /* UIButton+SH.m in Sources */,
				1857649B20C4E94D00D95BBE /* AppDelegate.m in Sources */,
			);
			runOnlyForDeploymentPostprocessing = 0;
		};
/* End PBXSourcesBuildPhase section */

/* Begin PBXVariantGroup section */
		1857649F20C4E94D00D95BBE /* Main.storyboard */ = {
			isa = PBXVariantGroup;
			children = (
				185764A020C4E94D00D95BBE /* Base */,
			);
			name = Main.storyboard;
			sourceTree = "<group>";
		};
		185764A420C4E94D00D95BBE /* LaunchScreen.storyboard */ = {
			isa = PBXVariantGroup;
			children = (
				185764A520C4E94D00D95BBE /* Base */,
			);
			name = LaunchScreen.storyboard;
			sourceTree = "<group>";
		};
/* End PBXVariantGroup section */

/* Begin XCBuildConfiguration section */
		185764AA20C4E94D00D95BBE /* Debug */ = {
			isa = XCBuildConfiguration;
			buildSettings = {
				ALWAYS_SEARCH_USER_PATHS = NO;
				CLANG_ANALYZER_NONNULL = YES;
				CLANG_ANALYZER_NUMBER_OBJECT_CONVERSION = YES_AGGRESSIVE;
				CLANG_CXX_LANGUAGE_STANDARD = "gnu++14";
				CLANG_CXX_LIBRARY = "libc++";
				CLANG_ENABLE_MODULES = YES;
				CLANG_ENABLE_OBJC_ARC = YES;
				CLANG_ENABLE_OBJC_WEAK = YES;
				CLANG_WARN_BLOCK_CAPTURE_AUTORELEASING = YES;
				CLANG_WARN_BOOL_CONVERSION = YES;
				CLANG_WARN_COMMA = YES;
				CLANG_WARN_CONSTANT_CONVERSION = YES;
				CLANG_WARN_DEPRECATED_OBJC_IMPLEMENTATIONS = YES;
				CLANG_WARN_DIRECT_OBJC_ISA_USAGE = YES_ERROR;
				CLANG_WARN_DOCUMENTATION_COMMENTS = YES;
				CLANG_WARN_EMPTY_BODY = YES;
				CLANG_WARN_ENUM_CONVERSION = YES;
				CLANG_WARN_INFINITE_RECURSION = YES;
				CLANG_WARN_INT_CONVERSION = YES;
				CLANG_WARN_NON_LITERAL_NULL_CONVERSION = YES;
				CLANG_WARN_OBJC_IMPLICIT_RETAIN_SELF = YES;
				CLANG_WARN_OBJC_LITERAL_CONVERSION = YES;
				CLANG_WARN_OBJC_ROOT_CLASS = YES_ERROR;
				CLANG_WARN_RANGE_LOOP_ANALYSIS = YES;
				CLANG_WARN_STRICT_PROTOTYPES = YES;
				CLANG_WARN_SUSPICIOUS_MOVE = YES;
				CLANG_WARN_UNGUARDED_AVAILABILITY = YES_AGGRESSIVE;
				CLANG_WARN_UNREACHABLE_CODE = YES;
				CLANG_WARN__DUPLICATE_METHOD_MATCH = YES;
				CODE_SIGN_IDENTITY = "iPhone Developer";
				COPY_PHASE_STRIP = NO;
				DEBUG_INFORMATION_FORMAT = dwarf;
				ENABLE_STRICT_OBJC_MSGSEND = YES;
				ENABLE_TESTABILITY = YES;
				GCC_C_LANGUAGE_STANDARD = gnu11;
				GCC_DYNAMIC_NO_PIC = NO;
				GCC_NO_COMMON_BLOCKS = YES;
				GCC_OPTIMIZATION_LEVEL = 0;
				GCC_PREPROCESSOR_DEFINITIONS = (
					"DEBUG=1",
					"$(inherited)",
				);
				GCC_WARN_64_TO_32_BIT_CONVERSION = YES;
				GCC_WARN_ABOUT_RETURN_TYPE = YES_ERROR;
				GCC_WARN_UNDECLARED_SELECTOR = YES;
				GCC_WARN_UNINITIALIZED_AUTOS = YES_AGGRESSIVE;
				GCC_WARN_UNUSED_FUNCTION = YES;
				GCC_WARN_UNUSED_VARIABLE = YES;
				IPHONEOS_DEPLOYMENT_TARGET = 11.3;
				MTL_ENABLE_DEBUG_INFO = YES;
				ONLY_ACTIVE_ARCH = YES;
				SDKROOT = iphoneos;
			};
			name = Debug;
		};
		185764AB20C4E94D00D95BBE /* Release */ = {
			isa = XCBuildConfiguration;
			buildSettings = {
				ALWAYS_SEARCH_USER_PATHS = NO;
				CLANG_ANALYZER_NONNULL = YES;
				CLANG_ANALYZER_NUMBER_OBJECT_CONVERSION = YES_AGGRESSIVE;
				CLANG_CXX_LANGUAGE_STANDARD = "gnu++14";
				CLANG_CXX_LIBRARY = "libc++";
				CLANG_ENABLE_MODULES = YES;
				CLANG_ENABLE_OBJC_ARC = YES;
				CLANG_ENABLE_OBJC_WEAK = YES;
				CLANG_WARN_BLOCK_CAPTURE_AUTORELEASING = YES;
				CLANG_WARN_BOOL_CONVERSION = YES;
				CLANG_WARN_COMMA = YES;
				CLANG_WARN_CONSTANT_CONVERSION = YES;
				CLANG_WARN_DEPRECATED_OBJC_IMPLEMENTATIONS = YES;
				CLANG_WARN_DIRECT_OBJC_ISA_USAGE = YES_ERROR;
				CLANG_WARN_DOCUMENTATION_COMMENTS = YES;
				CLANG_WARN_EMPTY_BODY = YES;
				CLANG_WARN_ENUM_CONVERSION = YES;
				CLANG_WARN_INFINITE_RECURSION = YES;
				CLANG_WARN_INT_CONVERSION = YES;
				CLANG_WARN_NON_LITERAL_NULL_CONVERSION = YES;
				CLANG_WARN_OBJC_IMPLICIT_RETAIN_SELF = YES;
				CLANG_WARN_OBJC_LITERAL_CONVERSION = YES;
				CLANG_WARN_OBJC_ROOT_CLASS = YES_ERROR;
				CLANG_WARN_RANGE_LOOP_ANALYSIS = YES;
				CLANG_WARN_STRICT_PROTOTYPES = YES;
				CLANG_WARN_SUSPICIOUS_MOVE = YES;
				CLANG_WARN_UNGUARDED_AVAILABILITY = YES_AGGRESSIVE;
				CLANG_WARN_UNREACHABLE_CODE = YES;
				CLANG_WARN__DUPLICATE_METHOD_MATCH = YES;
				CODE_SIGN_IDENTITY = "iPhone Developer";
				COPY_PHASE_STRIP = NO;
				DEBUG_INFORMATION_FORMAT = "dwarf-with-dsym";
				ENABLE_NS_ASSERTIONS = NO;
				ENABLE_STRICT_OBJC_MSGSEND = YES;
				GCC_C_LANGUAGE_STANDARD = gnu11;
				GCC_NO_COMMON_BLOCKS = YES;
				GCC_WARN_64_TO_32_BIT_CONVERSION = YES;
				GCC_WARN_ABOUT_RETURN_TYPE = YES_ERROR;
				GCC_WARN_UNDECLARED_SELECTOR = YES;
				GCC_WARN_UNINITIALIZED_AUTOS = YES_AGGRESSIVE;
				GCC_WARN_UNUSED_FUNCTION = YES;
				GCC_WARN_UNUSED_VARIABLE = YES;
				IPHONEOS_DEPLOYMENT_TARGET = 11.3;
				MTL_ENABLE_DEBUG_INFO = NO;
				SDKROOT = iphoneos;
				VALIDATE_PRODUCT = YES;
			};
			name = Release;
		};
		185764AD20C4E94D00D95BBE /* Debug */ = {
			isa = XCBuildConfiguration;
			baseConfigurationReference = C354184AAF6E3BE0D82B988E /* Pods-Demo.debug.xcconfig */;
			buildSettings = {
				ASSETCATALOG_COMPILER_APPICON_NAME = AppIcon;
				CODE_SIGN_STYLE = Automatic;
				GCC_PREFIX_HEADER = "${SRCROOT}/Demo/Common/Macros/PrefixHeader.pch";
				INFOPLIST_FILE = Demo/Info.plist;
				IPHONEOS_DEPLOYMENT_TARGET = 10.3;
				LD_RUNPATH_SEARCH_PATHS = (
					"$(inherited)",
					"@executable_path/Frameworks",
				);
				PRODUCT_BUNDLE_IDENTIFIER = com.cxw.Demo;
				PRODUCT_NAME = "$(TARGET_NAME)";
				TARGETED_DEVICE_FAMILY = "1,2";
			};
			name = Debug;
		};
		185764AE20C4E94D00D95BBE /* Release */ = {
			isa = XCBuildConfiguration;
			baseConfigurationReference = 2AE597A00449E42BA7678D56 /* Pods-Demo.release.xcconfig */;
			buildSettings = {
				ASSETCATALOG_COMPILER_APPICON_NAME = AppIcon;
				CODE_SIGN_STYLE = Automatic;
				GCC_PREFIX_HEADER = "${SRCROOT}/Demo/Common/Macros/PrefixHeader.pch";
				INFOPLIST_FILE = Demo/Info.plist;
				IPHONEOS_DEPLOYMENT_TARGET = 10.3;
				LD_RUNPATH_SEARCH_PATHS = (
					"$(inherited)",
					"@executable_path/Frameworks",
				);
				PRODUCT_BUNDLE_IDENTIFIER = com.cxw.Demo;
				PRODUCT_NAME = "$(TARGET_NAME)";
				TARGETED_DEVICE_FAMILY = "1,2";
			};
			name = Release;
		};
/* End XCBuildConfiguration section */

/* Begin XCConfigurationList section */
		1857649120C4E94D00D95BBE /* Build configuration list for PBXProject "Demo" */ = {
			isa = XCConfigurationList;
			buildConfigurations = (
				185764AA20C4E94D00D95BBE /* Debug */,
				185764AB20C4E94D00D95BBE /* Release */,
			);
			defaultConfigurationIsVisible = 0;
			defaultConfigurationName = Release;
		};
		185764AC20C4E94D00D95BBE /* Build configuration list for PBXNativeTarget "Demo" */ = {
			isa = XCConfigurationList;
			buildConfigurations = (
				185764AD20C4E94D00D95BBE /* Debug */,
				185764AE20C4E94D00D95BBE /* Release */,
			);
			defaultConfigurationIsVisible = 0;
			defaultConfigurationName = Release;
		};
/* End XCConfigurationList section */
	};
	rootObject = 1857648E20C4E94D00D95BBE /* Project object */;
}
